#MicroXplorer Configuration settings - do not modify
Mcu.Family=STM32F0
PA6.GPIOParameters=GPIO_Label
SH.GPXTI1.0=GPIO_EXTI1
ProjectManager.MainLocation=Core/Src
RCC.USART1Freq_Value=48000000
ProjectManager.ProjectFileName=COMBO.ioc
ProjectManager.KeepUserCode=true
PA10.Mode=Asynchronous
Mcu.UserName=STM32F030F4Px
Mcu.PinsNb=15
ProjectManager.NoMain=false
USART1.BaudRate=115200
RCC.PLLCLKFreq_Value=48000000
PA0.GPIO_Label=PLO_LE
ProjectManager.functionlistsort=1-MX_GPIO_Init-GPIO-false-HAL-true,2-SystemClock_Config-RCC-false-HAL-false,3-MX_TIM3_Init-TIM3-false-HAL-true,4-MX_USART1_UART_Init-USART1-false-HAL-false
PA3.GPIOParameters=GPIO_Label
ProjectManager.DefaultFWLocation=true
PA6.GPIO_Label=JP1
NVIC.SVC_IRQn=true\:0\:0\:false\:false\:true\:false\:false
ProjectManager.DeletePrevious=true
USART1.IPParameters=VirtualMode-Asynchronous,BaudRate,MSBFirstParam,Parity,OverSampling,OneBitSampling
PA2.GPIOParameters=GPIO_Label
PinOutPanel.RotationAngle=-180
RCC.FamilyName=M
RCC.SYSCLKSource=RCC_SYSCLKSOURCE_PLLCLK
ProjectManager.StackSize=0x400
SH.GPXTI6.0=GPIO_EXTI6
USART1.VirtualMode-Asynchronous=VM_ASYNC
PA13.Signal=SYS_SWDIO
Mcu.IP4=USART1
SH.GPXTI6.ConfNb=1
SH.GPXTI7.ConfNb=1
RCC.FCLKCortexFreq_Value=48000000
Mcu.IP2=SYS
Mcu.IP3=TIM3
Mcu.IP0=NVIC
PA9.Mode=Asynchronous
Mcu.IP1=RCC
Mcu.UserConstants=
ProjectManager.TargetToolchain=STM32CubeIDE
Mcu.ThirdPartyNb=0
RCC.HCLKFreq_Value=48000000
Mcu.IPNb=5
ProjectManager.PreviousToolchain=STM32CubeIDE
TIM3.Period=499
PA9.Signal=USART1_TX
USART1.Parity=PARITY_NONE
Mcu.Pin6=PA6
Mcu.Pin7=PA7
ProjectManager.RegisterCallBack=
Mcu.Pin8=PB1
Mcu.Pin9=PA9
VP_TIM3_VS_ClockSourceINT.Signal=TIM3_VS_ClockSourceINT
RCC.AHBFreq_Value=48000000
Mcu.Pin0=PF0-OSC_IN
PB1.Locked=true
Mcu.Pin1=PA0
Mcu.Pin2=PA2
Mcu.Pin3=PA3
Mcu.Pin4=PA4
Mcu.Pin5=PA5
PA5.Signal=GPIO_Output
ProjectManager.ProjectBuild=false
PA0.Locked=true
PF0-OSC_IN.GPIO_Label=RF_OUT1
board=custom
PA4.Locked=true
NVIC.SysTick_IRQn=true\:0\:0\:false\:false\:true\:false\:true
ProjectManager.LastFirmware=true
RCC.PLLMUL=RCC_PLL_MUL12
SH.GPXTI7.0=GPIO_EXTI7
NVIC.TIM3_IRQn=true\:0\:0\:false\:false\:true\:true\:true
ProjectManager.FirmwarePackage=STM32Cube FW_F0 V1.11.2
MxDb.Version=DB.6.0.21
ProjectManager.BackupPrevious=false
MxCube.Version=6.2.1
PA14.Mode=Serial_Wire
PF0-OSC_IN.Locked=true
TIM3.Prescaler=48000
PB1.GPIO_Label=PLO_MUXOUT
File.Version=6
VP_SYS_VS_Systick.Mode=SysTick
TIM3.IPParameters=Period,Prescaler
NVIC.NonMaskableInt_IRQn=true\:0\:0\:false\:false\:true\:false\:false
PA4.GPIOParameters=GPIO_Label
NVIC.PendSV_IRQn=true\:0\:0\:false\:false\:true\:false\:false
PA13.Mode=Serial_Wire
ProjectManager.FreePins=true
RCC.IPParameters=AHBFreq_Value,APB1Freq_Value,APB1TimFreq_Value,FCLKCortexFreq_Value,FamilyName,HCLKFreq_Value,PLLCLKFreq_Value,PLLMUL,SYSCLKFreq_VALUE,SYSCLKSource,TimSysFreq_Value,USART1Freq_Value
ProjectManager.AskForMigrate=true
Mcu.Name=STM32F030F4Px
ProjectManager.HalAssertFull=false
PA2.Signal=GPIO_Output
ProjectManager.ProjectName=COMBO
ProjectManager.UnderRoot=true
PA0.Signal=GPIO_Output
ProjectManager.CoupleFile=true
PA4.Signal=GPIO_Output
RCC.SYSCLKFreq_VALUE=48000000
Mcu.Package=TSSOP20
USART1.OverSampling=UART_OVERSAMPLING_8
PB1.Signal=GPXTI1
PA6.Signal=GPXTI6
RCC.TimSysFreq_Value=48000000
PA7.GPIO_Label=JP2
PA5.Locked=true
PA3.Locked=true
PA7.Locked=true
PA5.GPIO_Label=RF_OUT2
NVIC.ForceEnableDMAVector=true
KeepUserPlacement=false
ProjectManager.CompilerOptimize=6
ProjectManager.ToolChainLocation=
PA2.GPIO_Label=PLO_DATA
VP_SYS_VS_Systick.Signal=SYS_VS_Systick
USART1.MSBFirstParam=ADVFEATURE_MSBFIRST_DISABLE
PA10.Signal=USART1_RX
PA14.Signal=SYS_SWCLK
ProjectManager.HeapSize=0x200
PA0.GPIOParameters=GPIO_Label
NVIC.HardFault_IRQn=true\:0\:0\:false\:false\:true\:false\:false
PA5.GPIOParameters=GPIO_Label
Mcu.Pin13=VP_SYS_VS_Systick
Mcu.Pin14=VP_TIM3_VS_ClockSourceINT
ProjectManager.ComputerToolchain=false
Mcu.Pin11=PA13
Mcu.Pin12=PA14
Mcu.Pin10=PA10
RCC.APB1TimFreq_Value=48000000
PF0-OSC_IN.Signal=GPIO_Output
USART1.OneBitSampling=UART_ONE_BIT_SAMPLE_DISABLE
PF0-OSC_IN.GPIOParameters=GPIO_Label
SH.GPXTI1.ConfNb=1
NVIC.USART1_IRQn=true\:0\:0\:false\:false\:true\:true\:true
RCC.APB1Freq_Value=48000000
PA4.GPIO_Label=INT_EXT_REF
PA7.GPIOParameters=GPIO_Label
ProjectManager.CustomerFirmwarePackage=
VP_TIM3_VS_ClockSourceINT.Mode=Internal
ProjectManager.DeviceId=STM32F030F4Px
ProjectManager.LibraryCopy=1
PA3.GPIO_Label=PLO_CLK
PA3.Signal=GPIO_Output
PB1.GPIOParameters=GPIO_Label
PA7.Signal=GPXTI7
PA6.Locked=true
PA2.Locked=true
isbadioc=false
